// !$*UTF8*$!
{
	archiveVersion = 1;
	classes = {
	};
	objectVersion = 56;
	objects = {

/* Begin PBXBuildFile section */
		EE14635C28DA151A00CD8F1C /* Adebayo_s_CardApp.swift in Sources */ = {isa = PBXBuildFile; fileRef = EE14635B28DA151A00CD8F1C /* Adebayo_s_CardApp.swift */; };
		EE14635E28DA151A00CD8F1C /* ContentView.swift in Sources */ = {isa = PBXBuildFile; fileRef = EE14635D28DA151A00CD8F1C /* ContentView.swift */; };
		EE14636028DA151A00CD8F1C /* Assets.xcassets in Resources */ = {isa = PBXBuildFile; fileRef = EE14635F28DA151A00CD8F1C /* Assets.xcassets */; };
		EE14636328DA151A00CD8F1C /* Preview Assets.xcassets in Resources */ = {isa = PBXBuildFile; fileRef = EE14636228DA151A00CD8F1C /* Preview Assets.xcassets */; };
		EE14636B28DA16BB00CD8F1C /* Pacifico in Resources */ = {isa = PBXBuildFile; fileRef = EE14636A28DA16BB00CD8F1C /* Pacifico */; };
		EE14637428DA287000CD8F1C /* InfoView.swift in Sources */ = {isa = PBXBuildFile; fileRef = EE14637328DA287000CD8F1C /* InfoView.swift */; };
/* End PBXBuildFile section */

/* Begin PBXFileReference section */
		EE14635828DA151A00CD8F1C /* Adebayo's Card.app */ = {isa = PBXFileReference; explicitFileType = wrapper.application; includeInIndex = 0; path = "Adebayo's Card.app"; sourceTree = BUILT_PRODUCTS_DIR; };
		EE14635B28DA151A00CD8F1C /* Adebayo_s_CardApp.swift */ = {isa = PBXFileReference; lastKnownFileType = sourcecode.swift; path = Adebayo_s_CardApp.swift; sourceTree = "<group>"; };
		EE14635D28DA151A00CD8F1C /* ContentView.swift */ = {isa = PBXFileReference; lastKnownFileType = sourcecode.swift; path = ContentView.swift; sourceTree = "<group>"; };
		EE14635F28DA151A00CD8F1C /* Assets.xcassets */ = {isa = PBXFileReference; lastKnownFileType = folder.assetcatalog; path = Assets.xcassets; sourceTree = "<group>"; };
		EE14636228DA151A00CD8F1C /* Preview Assets.xcassets */ = {isa = PBXFileReference; lastKnownFileType = folder.assetcatalog; path = "Preview Assets.xcassets"; sourceTree = "<group>"; };
		EE14636A28DA16BB00CD8F1C /* Pacifico */ = {isa = PBXFileReference; lastKnownFileType = folder; path = Pacifico; sourceTree = "<group>"; };
		EE14636C28DA17B100CD8F1C /* Adebayo-s-Card-Info.plist */ = {isa = PBXFileReference; lastKnownFileType = text.plist; path = "Adebayo-s-Card-Info.plist"; sourceTree = SOURCE_ROOT; };
		EE14637328DA287000CD8F1C /* InfoView.swift */ = {isa = PBXFileReference; lastKnownFileType = sourcecode.swift; path = InfoView.swift; sourceTree = "<group>"; };
/* End PBXFileReference section */

/* Begin PBXFrameworksBuildPhase section */
		EE14635528DA151A00CD8F1C /* Frameworks */ = {
			isa = PBXFrameworksBuildPhase;
			buildActionMask = 2147483647;
			files = (
			);
			runOnlyForDeploymentPostprocessing = 0;
		};
/* End PBXFrameworksBuildPhase section */

/* Begin PBXGroup section */
		EE14634F28DA151A00CD8F1C = {
			isa = PBXGroup;
			children = (
				EE14635A28DA151A00CD8F1C /* Adebayo's Card */,
				EE14635928DA151A00CD8F1C /* Products */,
			);
			sourceTree = "<group>";
		};
		EE14635928DA151A00CD8F1C /* Products */ = {
			isa = PBXGroup;
			children = (
				EE14635828DA151A00CD8F1C /* Adebayo's Card.app */,
			);
			name = Products;
			sourceTree = "<group>";
		};
		EE14635A28DA151A00CD8F1C /* Adebayo's Card */ = {
			isa = PBXGroup;
			children = (
				EE14636C28DA17B100CD8F1C /* Adebayo-s-Card-Info.plist */,
				EE14636928DA16AB00CD8F1C /* fonts */,
				EE14635B28DA151A00CD8F1C /* Adebayo_s_CardApp.swift */,
				EE14635D28DA151A00CD8F1C /* ContentView.swift */,
				EE14637328DA287000CD8F1C /* InfoView.swift */,
				EE14635F28DA151A00CD8F1C /* Assets.xcassets */,
				EE14636128DA151A00CD8F1C /* Preview Content */,
			);
			path = "Adebayo's Card";
			sourceTree = "<group>";
		};
		EE14636128DA151A00CD8F1C /* Preview Content */ = {
			isa = PBXGroup;
			children = (
				EE14636228DA151A00CD8F1C /* Preview Assets.xcassets */,
			);
			path = "Preview Content";
			sourceTree = "<group>";
		};
		EE14636928DA16AB00CD8F1C /* fonts */ = {
			isa = PBXGroup;
			children = (
				EE14636A28DA16BB00CD8F1C /* Pacifico */,
			);
			path = fonts;
			sourceTree = "<group>";
		};
/* End PBXGroup section */

/* Begin PBXNativeTarget section */
		EE14635728DA151A00CD8F1C /* Adebayo's Card */ = {
			isa = PBXNativeTarget;
			buildConfigurationList = EE14636628DA151A00CD8F1C /* Build configuration list for PBXNativeTarget "Adebayo's Card" */;
			buildPhases = (
				EE14635428DA151A00CD8F1C /* Sources */,
				EE14635528DA151A00CD8F1C /* Frameworks */,
				EE14635628DA151A00CD8F1C /* Resources */,
			);
			buildRules = (
			);
			dependencies = (
			);
			name = "Adebayo's Card";
			productName = "Adebayo's Card";
			productReference = EE14635828DA151A00CD8F1C /* Adebayo's Card.app */;
			productType = "com.apple.product-type.application";
		};
/* End PBXNativeTarget section */

/* Begin PBXProject section */
		EE14635028DA151A00CD8F1C /* Project object */ = {
			isa = PBXProject;
			attributes = {
				BuildIndependentTargetsInParallel = 1;
				LastSwiftUpdateCheck = 1400;
				LastUpgradeCheck = 1400;
				TargetAttributes = {
					EE14635728DA151A00CD8F1C = {
						CreatedOnToolsVersion = 14.0;
					};
				};
			};
			buildConfigurationList = EE14635328DA151A00CD8F1C /* Build configuration list for PBXProject "Adebayo's Card" */;
			compatibilityVersion = "Xcode 14.0";
			developmentRegion = en;
			hasScannedForEncodings = 0;
			knownRegions = (
				en,
				Base,
			);
			mainGroup = EE14634F28DA151A00CD8F1C;
			productRefGroup = EE14635928DA151A00CD8F1C /* Products */;
			projectDirPath = "";
			projectRoot = "";
			targets = (
				EE14635728DA151A00CD8F1C /* Adebayo's Card */,
			);
		};
/* End PBXProject section */

/* Begin PBXResourcesBuildPhase section */
		EE14635628DA151A00CD8F1C /* Resources */ = {
			isa = PBXResourcesBuildPhase;
			buildActionMask = 2147483647;
			files = (
				EE14636328DA151A00CD8F1C /* Preview Assets.xcassets in Resources */,
				EE14636028DA151A00CD8F1C /* Assets.xcassets in Resources */,
				EE14636B28DA16BB00CD8F1C /* Pacifico in Resources */,
			);
			runOnlyForDeploymentPostprocessing = 0;
		};
/* End PBXResourcesBuildPhase section */

/* Begin PBXSourcesBuildPhase section */
		EE14635428DA151A00CD8F1C /* Sources */ = {
			isa = PBXSourcesBuildPhase;
			buildActionMask = 2147483647;
			files = (
				EE14635E28DA151A00CD8F1C /* ContentView.swift in Sources */,
				EE14637428DA287000CD8F1C /* InfoView.swift in Sources */,
				EE14635C28DA151A00CD8F1C /* Adebayo_s_CardApp.swift in Sources */,
			);
			runOnlyForDeploymentPostprocessing = 0;
		};
/* End PBXSourcesBuildPhase section */

/* Begin XCBuildConfiguration section */
		EE14636428DA151A00CD8F1C /* Debug */ = {
			isa = XCBuildConfiguration;
			buildSettings = {
				ALWAYS_SEARCH_USER_PATHS = NO;
				CLANG_ANALYZER_NONNULL = YES;
				CLANG_ANALYZER_NUMBER_OBJECT_CONVERSION = YES_AGGRESSIVE;
				CLANG_CXX_LANGUAGE_STANDARD = "gnu++20";
				CLANG_ENABLE_MODULES = YES;
				CLANG_ENABLE_OBJC_ARC = YES;
				CLANG_ENABLE_OBJC_WEAK = YES;
				CLANG_WARN_BLOCK_CAPTURE_AUTORELEASING = YES;
				CLANG_WARN_BOOL_CONVERSION = YES;
				CLANG_WARN_COMMA = YES;
				CLANG_WARN_CONSTANT_CONVERSION = YES;
				CLANG_WARN_DEPRECATED_OBJC_IMPLEMENTATIONS = YES;
				CLANG_WARN_DIRECT_OBJC_ISA_USAGE = YES_ERROR;
				CLANG_WARN_DOCUMENTATION_COMMENTS = YES;
				CLANG_WARN_EMPTY_BODY = YES;
				CLANG_WARN_ENUM_CONVERSION = YES;
				CLANG_WARN_INFINITE_RECURSION = YES;
				CLANG_WARN_INT_CONVERSION = YES;
				CLANG_WARN_NON_LITERAL_NULL_CONVERSION = YES;
				CLANG_WARN_OBJC_IMPLICIT_RETAIN_SELF = YES;
				CLANG_WARN_OBJC_LITERAL_CONVERSION = YES;
				CLANG_WARN_OBJC_ROOT_CLASS = YES_ERROR;
				CLANG_WARN_QUOTED_INCLUDE_IN_FRAMEWORK_HEADER = YES;
				CLANG_WARN_RANGE_LOOP_ANALYSIS = YES;
				CLANG_WARN_STRICT_PROTOTYPES = YES;
				CLANG_WARN_SUSPICIOUS_MOVE = YES;
				CLANG_WARN_UNGUARDED_AVAILABILITY = YES_AGGRESSIVE;
				CLANG_WARN_UNREACHABLE_CODE = YES;
				CLANG_WARN__DUPLICATE_METHOD_MATCH = YES;
				COPY_PHASE_STRIP = NO;
				DEBUG_INFORMATION_FORMAT = dwarf;
				ENABLE_STRICT_OBJC_MSGSEND = YES;
				ENABLE_TESTABILITY = YES;
				GCC_C_LANGUAGE_STANDARD = gnu11;
				GCC_DYNAMIC_NO_PIC = NO;
				GCC_NO_COMMON_BLOCKS = YES;
				GCC_OPTIMIZATION_LEVEL = 0;
				GCC_PREPROCESSOR_DEFINITIONS = (
					"DEBUG=1",
					"$(inherited)",
				);
				GCC_WARN_64_TO_32_BIT_CONVERSION = YES;
				GCC_WARN_ABOUT_RETURN_TYPE = YES_ERROR;
				GCC_WARN_UNDECLARED_SELECTOR = YES;
				GCC_WARN_UNINITIALIZED_AUTOS = YES_AGGRESSIVE;
				GCC_WARN_UNUSED_FUNCTION = YES;
				GCC_WARN_UNUSED_VARIABLE = YES;
				IPHONEOS_DEPLOYMENT_TARGET = 16.0;
				MTL_ENABLE_DEBUG_INFO = INCLUDE_SOURCE;
				MTL_FAST_MATH = YES;
				ONLY_ACTIVE_ARCH = YES;
				SDKROOT = iphoneos;
				SWIFT_ACTIVE_COMPILATION_CONDITIONS = DEBUG;
				SWIFT_OPTIMIZATION_LEVEL = "-Onone";
			};
			name = Debug;
		};
		EE14636528DA151A00CD8F1C /* Release */ = {
			isa = XCBuildConfiguration;
			buildSettings = {
				ALWAYS_SEARCH_USER_PATHS = NO;
				CLANG_ANALYZER_NONNULL = YES;
				CLANG_ANALYZER_NUMBER_OBJECT_CONVERSION = YES_AGGRESSIVE;
				CLANG_CXX_LANGUAGE_STANDARD = "gnu++20";
				CLANG_ENABLE_MODULES = YES;
				CLANG_ENABLE_OBJC_ARC = YES;
				CLANG_ENABLE_OBJC_WEAK = YES;
				CLANG_WARN_BLOCK_CAPTURE_AUTORELEASING = YES;
				CLANG_WARN_BOOL_CONVERSION = YES;
				CLANG_WARN_COMMA = YES;
				CLANG_WARN_CONSTANT_CONVERSION = YES;
				CLANG_WARN_DEPRECATED_OBJC_IMPLEMENTATIONS = YES;
				CLANG_WARN_DIRECT_OBJC_ISA_USAGE = YES_ERROR;
				CLANG_WARN_DOCUMENTATION_COMMENTS = YES;
				CLANG_WARN_EMPTY_BODY = YES;
				CLANG_WARN_ENUM_CONVERSION = YES;
				CLANG_WARN_INFINITE_RECURSION = YES;
				CLANG_WARN_INT_CONVERSION = YES;
				CLANG_WARN_NON_LITERAL_NULL_CONVERSION = YES;
				CLANG_WARN_OBJC_IMPLICIT_RETAIN_SELF = YES;
				CLANG_WARN_OBJC_LITERAL_CONVERSION = YES;
				CLANG_WARN_OBJC_ROOT_CLASS = YES_ERROR;
				CLANG_WARN_QUOTED_INCLUDE_IN_FRAMEWORK_HEADER = YES;
				CLANG_WARN_RANGE_LOOP_ANALYSIS = YES;
				CLANG_WARN_STRICT_PROTOTYPES = YES;
				CLANG_WARN_SUSPICIOUS_MOVE = YES;
				CLANG_WARN_UNGUARDED_AVAILABILITY = YES_AGGRESSIVE;
				CLANG_WARN_UNREACHABLE_CODE = YES;
				CLANG_WARN__DUPLICATE_METHOD_MATCH = YES;
				COPY_PHASE_STRIP = NO;
				DEBUG_INFORMATION_FORMAT = "dwarf-with-dsym";
				ENABLE_NS_ASSERTIONS = NO;
				ENABLE_STRICT_OBJC_MSGSEND = YES;
				GCC_C_LANGUAGE_STANDARD = gnu11;
				GCC_NO_COMMON_BLOCKS = YES;
				GCC_WARN_64_TO_32_BIT_CONVERSION = YES;
				GCC_WARN_ABOUT_RETURN_TYPE = YES_ERROR;
				GCC_WARN_UNDECLARED_SELECTOR = YES;
				GCC_WARN_UNINITIALIZED_AUTOS = YES_AGGRESSIVE;
				GCC_WARN_UNUSED_FUNCTION = YES;
				GCC_WARN_UNUSED_VARIABLE = YES;
				IPHONEOS_DEPLOYMENT_TARGET = 16.0;
				MTL_ENABLE_DEBUG_INFO = NO;
				MTL_FAST_MATH = YES;
				SDKROOT = iphoneos;
				SWIFT_COMPILATION_MODE = wholemodule;
				SWIFT_OPTIMIZATION_LEVEL = "-O";
				VALIDATE_PRODUCT = YES;
			};
			name = Release;
		};
		EE14636728DA151A00CD8F1C /* Debug */ = {
			isa = XCBuildConfiguration;
			buildSettings = {
				ASSETCATALOG_COMPILER_APPICON_NAME = AppIcon;
				ASSETCATALOG_COMPILER_GLOBAL_ACCENT_COLOR_NAME = AccentColor;
				CODE_SIGN_STYLE = Automatic;
				CURRENT_PROJECT_VERSION = 1;
				DEVELOPMENT_ASSET_PATHS = "\"Adebayo's Card/Preview Content\"";
				DEVELOPMENT_TEAM = 4G4YKXJ9A6;
				ENABLE_PREVIEWS = YES;
				GENERATE_INFOPLIST_FILE = YES;
				INFOPLIST_FILE = "Adebayo-s-Card-Info.plist";
				INFOPLIST_KEY_UIApplicationSceneManifest_Generation = YES;
				INFOPLIST_KEY_UIApplicationSupportsIndirectInputEvents = YES;
				INFOPLIST_KEY_UILaunchScreen_Generation = YES;
				INFOPLIST_KEY_UISupportedInterfaceOrientations_iPad = "UIInterfaceOrientationPortrait UIInterfaceOrientationPortraitUpsideDown UIInterfaceOrientationLandscapeLeft UIInterfaceOrientationLandscapeRight";
				INFOPLIST_KEY_UISupportedInterfaceOrientations_iPhone = "UIInterfaceOrientationPortrait UIInterfaceOrientationLandscapeLeft UIInterfaceOrientationLandscapeRight";
				LD_RUNPATH_SEARCH_PATHS = (
					"$(inherited)",
					"@executable_path/Frameworks",
				);
				MARKETING_VERSION = 1.0;
				PRODUCT_BUNDLE_IDENTIFIER = "AdebayoSotannde.Adebayo-s-Card";
				PRODUCT_NAME = "$(TARGET_NAME)";
				SWIFT_EMIT_LOC_STRINGS = YES;
				SWIFT_VERSION = 5.0;
				TARGETED_DEVICE_FAMILY = "1,2";
			};
			name = Debug;
		};
		EE14636828DA151A00CD8F1C /* Release */ = {
			isa = XCBuildConfiguration;
			buildSettings = {
				ASSETCATALOG_COMPILER_APPICON_NAME = AppIcon;
				ASSETCATALOG_COMPILER_GLOBAL_ACCENT_COLOR_NAME = AccentColor;
				CODE_SIGN_STYLE = Automatic;
				CURRENT_PROJECT_VERSION = 1;
				DEVELOPMENT_ASSET_PATHS = "\"Adebayo's Card/Preview Content\"";
				DEVELOPMENT_TEAM = 4G4YKXJ9A6;
				ENABLE_PREVIEWS = YES;
				GENERATE_INFOPLIST_FILE = YES;
				INFOPLIST_FILE = "Adebayo-s-Card-Info.plist";
				INFOPLIST_KEY_UIApplicationSceneManifest_Generation = YES;
				INFOPLIST_KEY_UIApplicationSupportsIndirectInputEvents = YES;
				INFOPLIST_KEY_UILaunchScreen_Generation = YES;
				INFOPLIST_KEY_UISupportedInterfaceOrientations_iPad = "UIInterfaceOrientationPortrait UIInterfaceOrientationPortraitUpsideDown UIInterfaceOrientationLandscapeLeft UIInterfaceOrientationLandscapeRight";
				INFOPLIST_KEY_UISupportedInterfaceOrientations_iPhone = "UIInterfaceOrientationPortrait UIInterfaceOrientationLandscapeLeft UIInterfaceOrientationLandscapeRight";
				LD_RUNPATH_SEARCH_PATHS = (
					"$(inherited)",
					"@executable_path/Frameworks",
				);
				MARKETING_VERSION = 1.0;
				PRODUCT_BUNDLE_IDENTIFIER = "AdebayoSotannde.Adebayo-s-Card";
				PRODUCT_NAME = "$(TARGET_NAME)";
				SWIFT_EMIT_LOC_STRINGS = YES;
				SWIFT_VERSION = 5.0;
				TARGETED_DEVICE_FAMILY = "1,2";
			};
			name = Release;
		};
/* End XCBuildConfiguration section */

/* Begin XCConfigurationList section */
		EE14635328DA151A00CD8F1C /* Build configuration list for PBXProject "Adebayo's Card" */ = {
			isa = XCConfigurationList;
			buildConfigurations = (
				EE14636428DA151A00CD8F1C /* Debug */,
				EE14636528DA151A00CD8F1C /* Release */,
			);
			defaultConfigurationIsVisible = 0;
			defaultConfigurationName = Release;
		};
		EE14636628DA151A00CD8F1C /* Build configuration list for PBXNativeTarget "Adebayo's Card" */ = {
			isa = XCConfigurationList;
			buildConfigurations = (
				EE14636728DA151A00CD8F1C /* Debug */,
				EE14636828DA151A00CD8F1C /* Release */,
			);
			defaultConfigurationIsVisible = 0;
			defaultConfigurationName = Release;
		};
/* End XCConfigurationList section */
	};
	rootObject = EE14635028DA151A00CD8F1C /* Project object */;
}
